
Microsoft Visual Studio Solution File, Format Version 12.00
# Visual Studio 15
VisualStudioVersion = 15.0.27428.2043
MinimumVisualStudioVersion = 10.0.40219.1
Project("{9A19103F-16F7-4668-BE54-9A1E7A4F7556}") = "RoundedContentView", "RoundedContentView\RoundedContentView.csproj", "{0CDA680A-47EC-4AFC-8A41-0249017ED502}"
EndProject
Project("{FAE04EC0-301F-11D3-BF4B-00C04F79EFBC}") = "RoundedContentViewTestApp.Android", "RoundedContentViewTestApp\RoundedContentViewTestApp.Android\RoundedContentViewTestApp.Android.csproj", "{DE670CD8-5CD9-4E46-87EA-54AA460EB172}"
EndProject
Project("{FAE04EC0-301F-11D3-BF4B-00C04F79EFBC}") = "RoundedContentViewTestApp.iOS", "RoundedContentViewTestApp\RoundedContentViewTestApp.iOS\RoundedContentViewTestApp.iOS.csproj", "{203CFE3E-B3A3-4B7C-83A0-1F6D67F012CA}"
EndProject
Project("{FAE04EC0-301F-11D3-BF4B-00C04F79EFBC}") = "RoundedContentViewTestApp", "RoundedContentViewTestApp\RoundedContentViewTestApp\RoundedContentViewTestApp.csproj", "{32F0FAED-F253-4FBF-882E-CADC8B35D4EA}"
EndProject
Global
	GlobalSection(SolutionConfigurationPlatforms) = preSolution
		Ad-Hoc|Any CPU = Ad-Hoc|Any CPU
		Ad-Hoc|iPhone = Ad-Hoc|iPhone
		Ad-Hoc|iPhoneSimulator = Ad-Hoc|iPhoneSimulator
		AppStore|Any CPU = AppStore|Any CPU
		AppStore|iPhone = AppStore|iPhone
		AppStore|iPhoneSimulator = AppStore|iPhoneSimulator
		Debug|Any CPU = Debug|Any CPU
		Debug|iPhone = Debug|iPhone
		Debug|iPhoneSimulator = Debug|iPhoneSimulator
		Release|Any CPU = Release|Any CPU
		Release|iPhone = Release|iPhone
		Release|iPhoneSimulator = Release|iPhoneSimulator
	EndGlobalSection
	GlobalSection(ProjectConfigurationPlatforms) = postSolution
		{0CDA680A-47EC-4AFC-8A41-0249017ED502}.Ad-Hoc|Any CPU.ActiveCfg = Release|Any CPU
		{0CDA680A-47EC-4AFC-8A41-0249017ED502}.Ad-Hoc|Any CPU.Build.0 = Release|Any CPU
		{0CDA680A-47EC-4AFC-8A41-0249017ED502}.Ad-Hoc|iPhone.ActiveCfg = Release|Any CPU
		{0CDA680A-47EC-4AFC-8A41-0249017ED502}.Ad-Hoc|iPhone.Build.0 = Release|Any CPU
		{0CDA680A-47EC-4AFC-8A41-0249017ED502}.Ad-Hoc|iPhoneSimulator.ActiveCfg = Release|Any CPU
		{0CDA680A-47EC-4AFC-8A41-0249017ED502}.Ad-Hoc|iPhoneSimulator.Build.0 = Release|Any CPU
		{0CDA680A-47EC-4AFC-8A41-0249017ED502}.AppStore|Any CPU.ActiveCfg = Release|Any CPU
		{0CDA680A-47EC-4AFC-8A41-0249017ED502}.AppStore|Any CPU.Build.0 = Release|Any CPU
		{0CDA680A-47EC-4AFC-8A41-0249017ED502}.AppStore|iPhone.ActiveCfg = Release|Any CPU
		{0CDA680A-47EC-4AFC-8A41-0249017ED502}.AppStore|iPhone.Build.0 = Release|Any CPU
		{0CDA680A-47EC-4AFC-8A41-0249017ED502}.AppStore|iPhoneSimulator.ActiveCfg = Release|Any CPU
		{0CDA680A-47EC-4AFC-8A41-0249017ED502}.AppStore|iPhoneSimulator.Build.0 = Release|Any CPU
		{0CDA680A-47EC-4AFC-8A41-0249017ED502}.Debug|Any CPU.ActiveCfg = Debug|Any CPU
		{0CDA680A-47EC-4AFC-8A41-0249017ED502}.Debug|Any CPU.Build.0 = Debug|Any CPU
		{0CDA680A-47EC-4AFC-8A41-0249017ED502}.Debug|iPhone.ActiveCfg = Debug|Any CPU
		{0CDA680A-47EC-4AFC-8A41-0249017ED502}.Debug|iPhone.Build.0 = Debug|Any CPU
		{0CDA680A-47EC-4AFC-8A41-0249017ED502}.Debug|iPhoneSimulator.ActiveCfg = Debug|Any CPU
		{0CDA680A-47EC-4AFC-8A41-0249017ED502}.Debug|iPhoneSimulator.Build.0 = Debug|Any CPU
		{0CDA680A-47EC-4AFC-8A41-0249017ED502}.Release|Any CPU.ActiveCfg = Release|Any CPU
		{0CDA680A-47EC-4AFC-8A41-0249017ED502}.Release|Any CPU.Build.0 = Release|Any CPU
		{0CDA680A-47EC-4AFC-8A41-0249017ED502}.Release|iPhone.ActiveCfg = Release|Any CPU
		{0CDA680A-47EC-4AFC-8A41-0249017ED502}.Release|iPhone.Build.0 = Release|Any CPU
		{0CDA680A-47EC-4AFC-8A41-0249017ED502}.Release|iPhoneSimulator.ActiveCfg = Release|Any CPU
		{0CDA680A-47EC-4AFC-8A41-0249017ED502}.Release|iPhoneSimulator.Build.0 = Release|Any CPU
		{DE670CD8-5CD9-4E46-87EA-54AA460EB172}.Ad-Hoc|Any CPU.ActiveCfg = Release|Any CPU
		{DE670CD8-5CD9-4E46-87EA-54AA460EB172}.Ad-Hoc|Any CPU.Build.0 = Release|Any CPU
		{DE670CD8-5CD9-4E46-87EA-54AA460EB172}.Ad-Hoc|Any CPU.Deploy.0 = Release|Any CPU
		{DE670CD8-5CD9-4E46-87EA-54AA460EB172}.Ad-Hoc|iPhone.ActiveCfg = Release|Any CPU
		{DE670CD8-5CD9-4E46-87EA-54AA460EB172}.Ad-Hoc|iPhone.Build.0 = Release|Any CPU
		{DE670CD8-5CD9-4E46-87EA-54AA460EB172}.Ad-Hoc|iPhone.Deploy.0 = Release|Any CPU
		{DE670CD8-5CD9-4E46-87EA-54AA460EB172}.Ad-Hoc|iPhoneSimulator.ActiveCfg = Release|Any CPU
		{DE670CD8-5CD9-4E46-87EA-54AA460EB172}.Ad-Hoc|iPhoneSimulator.Build.0 = Release|Any CPU
		{DE670CD8-5CD9-4E46-87EA-54AA460EB172}.Ad-Hoc|iPhoneSimulator.Deploy.0 = Release|Any CPU
		{DE670CD8-5CD9-4E46-87EA-54AA460EB172}.AppStore|Any CPU.ActiveCfg = Release|Any CPU
		{DE670CD8-5CD9-4E46-87EA-54AA460EB172}.AppStore|Any CPU.Build.0 = Release|Any CPU
		{DE670CD8-5CD9-4E46-87EA-54AA460EB172}.AppStore|Any CPU.Deploy.0 = Release|Any CPU
		{DE670CD8-5CD9-4E46-87EA-54AA460EB172}.AppStore|iPhone.ActiveCfg = Release|Any CPU
		{DE670CD8-5CD9-4E46-87EA-54AA460EB172}.AppStore|iPhone.Build.0 = Release|Any CPU
		{DE670CD8-5CD9-4E46-87EA-54AA460EB172}.AppStore|iPhone.Deploy.0 = Release|Any CPU
		{DE670CD8-5CD9-4E46-87EA-54AA460EB172}.AppStore|iPhoneSimulator.ActiveCfg = Release|Any CPU
		{DE670CD8-5CD9-4E46-87EA-54AA460EB172}.AppStore|iPhoneSimulator.Build.0 = Release|Any CPU
		{DE670CD8-5CD9-4E46-87EA-54AA460EB172}.AppStore|iPhoneSimulator.Deploy.0 = Release|Any CPU
		{DE670CD8-5CD9-4E46-87EA-54AA460EB172}.Debug|Any CPU.ActiveCfg = Debug|Any CPU
		{DE670CD8-5CD9-4E46-87EA-54AA460EB172}.Debug|Any CPU.Build.0 = Debug|Any CPU
		{DE670CD8-5CD9-4E46-87EA-54AA460EB172}.Debug|Any CPU.Deploy.0 = Debug|Any CPU
		{DE670CD8-5CD9-4E46-87EA-54AA460EB172}.Debug|iPhone.ActiveCfg = Debug|Any CPU
		{DE670CD8-5CD9-4E46-87EA-54AA460EB172}.Debug|iPhone.Build.0 = Debug|Any CPU
		{DE670CD8-5CD9-4E46-87EA-54AA460EB172}.Debug|iPhone.Deploy.0 = Debug|Any CPU
		{DE670CD8-5CD9-4E46-87EA-54AA460EB172}.Debug|iPhoneSimulator.ActiveCfg = Debug|Any CPU
		{DE670CD8-5CD9-4E46-87EA-54AA460EB172}.Debug|iPhoneSimulator.Build.0 = Debug|Any CPU
		{DE670CD8-5CD9-4E46-87EA-54AA460EB172}.Debug|iPhoneSimulator.Deploy.0 = Debug|Any CPU
		{DE670CD8-5CD9-4E46-87EA-54AA460EB172}.Release|Any CPU.ActiveCfg = Release|Any CPU
		{DE670CD8-5CD9-4E46-87EA-54AA460EB172}.Release|Any CPU.Build.0 = Release|Any CPU
		{DE670CD8-5CD9-4E46-87EA-54AA460EB172}.Release|Any CPU.Deploy.0 = Release|Any CPU
		{DE670CD8-5CD9-4E46-87EA-54AA460EB172}.Release|iPhone.ActiveCfg = Release|Any CPU
		{DE670CD8-5CD9-4E46-87EA-54AA460EB172}.Release|iPhone.Build.0 = Release|Any CPU
		{DE670CD8-5CD9-4E46-87EA-54AA460EB172}.Release|iPhone.Deploy.0 = Release|Any CPU
		{DE670CD8-5CD9-4E46-87EA-54AA460EB172}.Release|iPhoneSimulator.ActiveCfg = Release|Any CPU
		{DE670CD8-5CD9-4E46-87EA-54AA460EB172}.Release|iPhoneSimulator.Build.0 = Release|Any CPU
		{DE670CD8-5CD9-4E46-87EA-54AA460EB172}.Release|iPhoneSimulator.Deploy.0 = Release|Any CPU
		{203CFE3E-B3A3-4B7C-83A0-1F6D67F012CA}.Ad-Hoc|Any CPU.ActiveCfg = Ad-Hoc|iPhone
		{203CFE3E-B3A3-4B7C-83A0-1F6D67F012CA}.Ad-Hoc|iPhone.ActiveCfg = Ad-Hoc|iPhone
		{203CFE3E-B3A3-4B7C-83A0-1F6D67F012CA}.Ad-Hoc|iPhone.Build.0 = Ad-Hoc|iPhone
		{203CFE3E-B3A3-4B7C-83A0-1F6D67F012CA}.Ad-Hoc|iPhoneSimulator.ActiveCfg = Ad-Hoc|iPhoneSimulator
		{203CFE3E-B3A3-4B7C-83A0-1F6D67F012CA}.Ad-Hoc|iPhoneSimulator.Build.0 = Ad-Hoc|iPhoneSimulator
		{203CFE3E-B3A3-4B7C-83A0-1F6D67F012CA}.AppStore|Any CPU.ActiveCfg = AppStore|iPhone
		{203CFE3E-B3A3-4B7C-83A0-1F6D67F012CA}.AppStore|iPhone.ActiveCfg = AppStore|iPhone
		{203CFE3E-B3A3-4B7C-83A0-1F6D67F012CA}.AppStore|iPhone.Build.0 = AppStore|iPhone
		{203CFE3E-B3A3-4B7C-83A0-1F6D67F012CA}.AppStore|iPhoneSimulator.ActiveCfg = AppStore|iPhoneSimulator
		{203CFE3E-B3A3-4B7C-83A0-1F6D67F012CA}.AppStore|iPhoneSimulator.Build.0 = AppStore|iPhoneSimulator
		{203CFE3E-B3A3-4B7C-83A0-1F6D67F012CA}.Debug|Any CPU.ActiveCfg = Debug|iPhone
		{203CFE3E-B3A3-4B7C-83A0-1F6D67F012CA}.Debug|iPhone.ActiveCfg = Debug|iPhone
		{203CFE3E-B3A3-4B7C-83A0-1F6D67F012CA}.Debug|iPhone.Build.0 = Debug|iPhone
		{203CFE3E-B3A3-4B7C-83A0-1F6D67F012CA}.Debug|iPhoneSimulator.ActiveCfg = Debug|iPhoneSimulator
		{203CFE3E-B3A3-4B7C-83A0-1F6D67F012CA}.Debug|iPhoneSimulator.Build.0 = Debug|iPhoneSimulator
		{203CFE3E-B3A3-4B7C-83A0-1F6D67F012CA}.Release|Any CPU.ActiveCfg = Release|iPhone
		{203CFE3E-B3A3-4B7C-83A0-1F6D67F012CA}.Release|iPhone.ActiveCfg = Release|iPhone
		{203CFE3E-B3A3-4B7C-83A0-1F6D67F012CA}.Release|iPhone.Build.0 = Release|iPhone
		{203CFE3E-B3A3-4B7C-83A0-1F6D67F012CA}.Release|iPhoneSimulator.ActiveCfg = Release|iPhoneSimulator
		{203CFE3E-B3A3-4B7C-83A0-1F6D67F012CA}.Release|iPhoneSimulator.Build.0 = Release|iPhoneSimulator
		{32F0FAED-F253-4FBF-882E-CADC8B35D4EA}.Ad-Hoc|Any CPU.ActiveCfg = Debug|Any CPU
		{32F0FAED-F253-4FBF-882E-CADC8B35D4EA}.Ad-Hoc|Any CPU.Build.0 = Debug|Any CPU
		{32F0FAED-F253-4FBF-882E-CADC8B35D4EA}.Ad-Hoc|iPhone.ActiveCfg = Debug|Any CPU
		{32F0FAED-F253-4FBF-882E-CADC8B35D4EA}.Ad-Hoc|iPhone.Build.0 = Debug|Any CPU
		{32F0FAED-F253-4FBF-882E-CADC8B35D4EA}.Ad-Hoc|iPhoneSimulator.ActiveCfg = Debug|Any CPU
		{32F0FAED-F253-4FBF-882E-CADC8B35D4EA}.Ad-Hoc|iPhoneSimulator.Build.0 = Debug|Any CPU
		{32F0FAED-F253-4FBF-882E-CADC8B35D4EA}.AppStore|Any CPU.ActiveCfg = Debug|Any CPU
		{32F0FAED-F253-4FBF-882E-CADC8B35D4EA}.AppStore|Any CPU.Build.0 = Debug|Any CPU
		{32F0FAED-F253-4FBF-882E-CADC8B35D4EA}.AppStore|iPhone.ActiveCfg = Debug|Any CPU
		{32F0FAED-F253-4FBF-882E-CADC8B35D4EA}.AppStore|iPhone.Build.0 = Debug|Any CPU
		{32F0FAED-F253-4FBF-882E-CADC8B35D4EA}.AppStore|iPhoneSimulator.ActiveCfg = Debug|Any CPU
		{32F0FAED-F253-4FBF-882E-CADC8B35D4EA}.AppStore|iPhoneSimulator.Build.0 = Debug|Any CPU
		{32F0FAED-F253-4FBF-882E-CADC8B35D4EA}.Debug|Any CPU.ActiveCfg = Debug|Any CPU
		{32F0FAED-F253-4FBF-882E-CADC8B35D4EA}.Debug|Any CPU.Build.0 = Debug|Any CPU
		{32F0FAED-F253-4FBF-882E-CADC8B35D4EA}.Debug|iPhone.ActiveCfg = Debug|Any CPU
		{32F0FAED-F253-4FBF-882E-CADC8B35D4EA}.Debug|iPhone.Build.0 = Debug|Any CPU
		{32F0FAED-F253-4FBF-882E-CADC8B35D4EA}.Debug|iPhoneSimulator.ActiveCfg = Debug|Any CPU
		{32F0FAED-F253-4FBF-882E-CADC8B35D4EA}.Debug|iPhoneSimulator.Build.0 = Debug|Any CPU
		{32F0FAED-F253-4FBF-882E-CADC8B35D4EA}.Release|Any CPU.ActiveCfg = Release|Any CPU
		{32F0FAED-F253-4FBF-882E-CADC8B35D4EA}.Release|Any CPU.Build.0 = Release|Any CPU
		{32F0FAED-F253-4FBF-882E-CADC8B35D4EA}.Release|iPhone.ActiveCfg = Release|Any CPU
		{32F0FAED-F253-4FBF-882E-CADC8B35D4EA}.Release|iPhone.Build.0 = Release|Any CPU
		{32F0FAED-F253-4FBF-882E-CADC8B35D4EA}.Release|iPhoneSimulator.ActiveCfg = Release|Any CPU
		{32F0FAED-F253-4FBF-882E-CADC8B35D4EA}.Release|iPhoneSimulator.Build.0 = Release|Any CPU
	EndGlobalSection
	GlobalSection(SolutionProperties) = preSolution
		HideSolutionNode = FALSE
	EndGlobalSection
	GlobalSection(ExtensibilityGlobals) = postSolution
		SolutionGuid = {620ABF85-39E5-43FC-88D6-F6A77E8DCC86}
	EndGlobalSection
EndGlobal
